
Microsoft Visual Studio Solution File, Format Version 12.00
# Visual Studio Version 16
VisualStudioVersion = 16.0.29209.62
MinimumVisualStudioVersion = 10.0.40219.1
Project("{FAE04EC0-301F-11D3-BF4B-00C04F79EFBC}") = "Recipeasy-API", "Recipeasy-API\Recipeasy-API.csproj", "{693683F7-29FD-4500-AECD-02765477535B}"
EndProject
Global
	GlobalSection(SolutionConfigurationPlatforms) = preSolution
		Debug|Any CPU = Debug|Any CPU
		Release|Any CPU = Release|Any CPU
	EndGlobalSection
	GlobalSection(ProjectConfigurationPlatforms) = postSolution
		{693683F7-29FD-4500-AECD-02765477535B}.Debug|Any CPU.ActiveCfg = Debug|Any CPU
		{693683F7-29FD-4500-AECD-02765477535B}.Debug|Any CPU.Build.0 = Debug|Any CPU
		{693683F7-29FD-4500-AECD-02765477535B}.Release|Any CPU.ActiveCfg = Release|Any CPU
		{693683F7-29FD-4500-AECD-02765477535B}.Release|Any CPU.Build.0 = Release|Any CPU
	EndGlobalSection
	GlobalSection(SolutionProperties) = preSolution
		HideSolutionNode = FALSE
	EndGlobalSection
	GlobalSection(ExtensibilityGlobals) = postSolution
		SolutionGuid = {A258951C-35B4-4D69-AA9B-209D9334A200}
	EndGlobalSection
EndGlobal
